
Microsoft Visual Studio Solution File, Format Version 12.00
# Visual Studio 15
VisualStudioVersion = 15.0.28010.2048
MinimumVisualStudioVersion = 10.0.40219.1
Project("{FAE04EC0-301F-11D3-BF4B-00C04F79EFBC}") = "WebApplication1", "WebApplication1\WebApplication1.csproj", "{91D46832-2DF9-4074-AAA9-1FF4F1029DED}"
EndProject
Global
	GlobalSection(SolutionConfigurationPlatforms) = preSolution
		Debug|Any CPU = Debug|Any CPU
		Release|Any CPU = Release|Any CPU
	EndGlobalSection
	GlobalSection(ProjectConfigurationPlatforms) = postSolution
		{91D46832-2DF9-4074-AAA9-1FF4F1029DED}.Debug|Any CPU.ActiveCfg = Debug|Any CPU
		{91D46832-2DF9-4074-AAA9-1FF4F1029DED}.Debug|Any CPU.Build.0 = Debug|Any CPU
		{91D46832-2DF9-4074-AAA9-1FF4F1029DED}.Release|Any CPU.ActiveCfg = Release|Any CPU
		{91D46832-2DF9-4074-AAA9-1FF4F1029DED}.Release|Any CPU.Build.0 = Release|Any CPU
	EndGlobalSection
	GlobalSection(SolutionProperties) = preSolution
		HideSolutionNode = FALSE
	EndGlobalSection
	GlobalSection(ExtensibilityGlobals) = postSolution
		SolutionGuid = {B4F2F9AB-F9D9-4F2F-B574-14856C9A5EB0}
	EndGlobalSection
EndGlobal
